// !$*UTF8*$!
{
	archiveVersion = 1;
	classes = {
	};
	objectVersion = 46;
	objects = {

/* Begin PBXBuildFile section */
		7BC67F4B1DED096F008D41E1 /* Main.storyboard in Resources */ = {isa = PBXBuildFile; fileRef = 7BC67F491DED096F008D41E1 /* Main.storyboard */; };
		7BC67F4D1DED096F008D41E1 /* Assets.xcassets in Resources */ = {isa = PBXBuildFile; fileRef = 7BC67F4C1DED096F008D41E1 /* Assets.xcassets */; };
		7BC67F501DED096F008D41E1 /* LaunchScreen.storyboard in Resources */ = {isa = PBXBuildFile; fileRef = 7BC67F4E1DED096F008D41E1 /* LaunchScreen.storyboard */; };
		7BC67F641DED09FC008D41E1 /* AppDelegate.m in Sources */ = {isa = PBXBuildFile; fileRef = 7BC67F5D1DED09FC008D41E1 /* AppDelegate.m */; };
		7BC67F691DED0A7C008D41E1 /* XMGDownLoadListernMainVC.m in Sources */ = {isa = PBXBuildFile; fileRef = 7BC67F681DED0A7C008D41E1 /* XMGDownLoadListernMainVC.m */; };
		7BC67F771DED0CE8008D41E1 /* main.m in Sources */ = {isa = PBXBuildFile; fileRef = 7BC67F5F1DED09FC008D41E1 /* main.m */; };
		7BC67F7A1DED0F23008D41E1 /* XMGDownLoadBaseTVC.m in Sources */ = {isa = PBXBuildFile; fileRef = 7BC67F791DED0F23008D41E1 /* XMGDownLoadBaseTVC.m */; };
		7BC67F7E1DED0FB1008D41E1 /* XMGNoDownLoadView.m in Sources */ = {isa = PBXBuildFile; fileRef = 7BC67F7C1DED0FB1008D41E1 /* XMGNoDownLoadView.m */; };
		7BC67F7F1DED0FB1008D41E1 /* XMGNoDownLoadView.xib in Resources */ = {isa = PBXBuildFile; fileRef = 7BC67F7D1DED0FB1008D41E1 /* XMGNoDownLoadView.xib */; };
		7BC67F821DED10AC008D41E1 /* XMGDownLoadAlbumTVC.m in Sources */ = {isa = PBXBuildFile; fileRef = 7BC67F811DED10AC008D41E1 /* XMGDownLoadAlbumTVC.m */; };
		7BC67F851DED10C1008D41E1 /* XMGDownLoadVoiceTVC.m in Sources */ = {isa = PBXBuildFile; fileRef = 7BC67F841DED10C1008D41E1 /* XMGDownLoadVoiceTVC.m */; };
		7BC67F881DED10D6008D41E1 /* XMGDownLoadingVoiceTVC.m in Sources */ = {isa = PBXBuildFile; fileRef = 7BC67F871DED10D6008D41E1 /* XMGDownLoadingVoiceTVC.m */; };
		7BC67F911DED2488008D41E1 /* XMGTodayFireMainVC.m in Sources */ = {isa = PBXBuildFile; fileRef = 7BC67F8E1DED2488008D41E1 /* XMGTodayFireMainVC.m */; };
		7BC67F921DED2488008D41E1 /* XMGTodayFireVoiceListTVC.m in Sources */ = {isa = PBXBuildFile; fileRef = 7BC67F901DED2488008D41E1 /* XMGTodayFireVoiceListTVC.m */; };
		7BC67F971DED24AC008D41E1 /* XMGCategoryModel.m in Sources */ = {isa = PBXBuildFile; fileRef = 7BC67F941DED24AC008D41E1 /* XMGCategoryModel.m */; };
		7BC67F981DED24AC008D41E1 /* XMGDownLoadVoiceModel.m in Sources */ = {isa = PBXBuildFile; fileRef = 7BC67F961DED24AC008D41E1 /* XMGDownLoadVoiceModel.m */; };
		7BC67F9C1DED24C4008D41E1 /* XMGTodayFireVoiceCell.m in Sources */ = {isa = PBXBuildFile; fileRef = 7BC67F9A1DED24C4008D41E1 /* XMGTodayFireVoiceCell.m */; };
		7BC67F9D1DED24C4008D41E1 /* XMGTodayFireVoiceCell.xib in Resources */ = {isa = PBXBuildFile; fileRef = 7BC67F9B1DED24C4008D41E1 /* XMGTodayFireVoiceCell.xib */; };
		7BC67FA81DED29DB008D41E1 /* UIView+XMGNib.m in Sources */ = {isa = PBXBuildFile; fileRef = 7BC67FA41DED29DB008D41E1 /* UIView+XMGNib.m */; };
		7BC67FA91DED29DB008D41E1 /* XMGSessionManager.m in Sources */ = {isa = PBXBuildFile; fileRef = 7BC67FA71DED29DB008D41E1 /* XMGSessionManager.m */; };
		7BC67FF01DEDA165008D41E1 /* XMGTodayFireDataProvider.m in Sources */ = {isa = PBXBuildFile; fileRef = 7BC67FEF1DEDA165008D41E1 /* XMGTodayFireDataProvider.m */; };
		7BC67FF41DEDAA33008D41E1 /* XMGTodayFireVoiceCellPresenter.m in Sources */ = {isa = PBXBuildFile; fileRef = 7BC67FF31DEDAA33008D41E1 /* XMGTodayFireVoiceCellPresenter.m */; };
		7BC680061DEDC2BA008D41E1 /* XMGDownLoadAlbumCell.m in Sources */ = {isa = PBXBuildFile; fileRef = 7BC680011DEDC2BA008D41E1 /* XMGDownLoadAlbumCell.m */; };
		7BC680071DEDC2BA008D41E1 /* XMGDownLoadAlbumCell.xib in Resources */ = {isa = PBXBuildFile; fileRef = 7BC680021DEDC2BA008D41E1 /* XMGDownLoadAlbumCell.xib */; };
		7BC680081DEDC2BA008D41E1 /* XMGDownLoadVoiceCell.m in Sources */ = {isa = PBXBuildFile; fileRef = 7BC680041DEDC2BA008D41E1 /* XMGDownLoadVoiceCell.m */; };
		7BC680091DEDC2BA008D41E1 /* XMGDownLoadVoiceCell.xib in Resources */ = {isa = PBXBuildFile; fileRef = 7BC680051DEDC2BA008D41E1 /* XMGDownLoadVoiceCell.xib */; };
		7BC6800C1DEDC2F3008D41E1 /* XMGDownLoadListernDataTool.m in Sources */ = {isa = PBXBuildFile; fileRef = 7BC6800B1DEDC2F3008D41E1 /* XMGDownLoadListernDataTool.m */; };
		7BC6800F1DEDC301008D41E1 /* XMGAlbumModel.m in Sources */ = {isa = PBXBuildFile; fileRef = 7BC6800E1DEDC301008D41E1 /* XMGAlbumModel.m */; };
		7BC680121DEDC452008D41E1 /* XMGDownLoadVoiceCellPresenter.m in Sources */ = {isa = PBXBuildFile; fileRef = 7BC680111DEDC452008D41E1 /* XMGDownLoadVoiceCellPresenter.m */; };
		7BC680151DEDCDBC008D41E1 /* XMGDownLoadAlbumCellPresenter.m in Sources */ = {isa = PBXBuildFile; fileRef = 7BC680141DEDCDBC008D41E1 /* XMGDownLoadAlbumCellPresenter.m */; };
		7BC680181DEDCE1E008D41E1 /* XMGDownLoadedVoicInAlbumTVC.m in Sources */ = {isa = PBXBuildFile; fileRef = 7BC680171DEDCE1E008D41E1 /* XMGDownLoadedVoicInAlbumTVC.m */; };
		7BDF14801DF5A54700A245AE /* NSString+XMGDownLoader.m in Sources */ = {isa = PBXBuildFile; fileRef = 7BDF145C1DF5A54700A245AE /* NSString+XMGDownLoader.m */; };
		7BDF14811DF5A54700A245AE /* XMGDownLoader.m in Sources */ = {isa = PBXBuildFile; fileRef = 7BDF145E1DF5A54700A245AE /* XMGDownLoader.m */; };
		7BDF14821DF5A54700A245AE /* XMGDownLoaderFileTool.m in Sources */ = {isa = PBXBuildFile; fileRef = 7BDF14601DF5A54700A245AE /* XMGDownLoaderFileTool.m */; };
		7BDF14831DF5A54700A245AE /* XMGDownLoadManager.m in Sources */ = {isa = PBXBuildFile; fileRef = 7BDF14621DF5A54700A245AE /* XMGDownLoadManager.m */; };
		7BDF14841DF5A54700A245AE /* NSURL+XMGAudio.m in Sources */ = {isa = PBXBuildFile; fileRef = 7BDF14651DF5A54700A245AE /* NSURL+XMGAudio.m */; };
		7BDF14851DF5A54700A245AE /* XMGAudioDownLoader.m in Sources */ = {isa = PBXBuildFile; fileRef = 7BDF14671DF5A54700A245AE /* XMGAudioDownLoader.m */; };
		7BDF14861DF5A54700A245AE /* XMGAudioFileTool.m in Sources */ = {isa = PBXBuildFile; fileRef = 7BDF14691DF5A54700A245AE /* XMGAudioFileTool.m */; };
		7BDF14871DF5A54700A245AE /* XMGRemotePlayer.m in Sources */ = {isa = PBXBuildFile; fileRef = 7BDF146B1DF5A54700A245AE /* XMGRemotePlayer.m */; };
		7BDF14881DF5A54700A245AE /* XMGResourceLoader.m in Sources */ = {isa = PBXBuildFile; fileRef = 7BDF146D1DF5A54700A245AE /* XMGResourceLoader.m */; };
		7BDF14891DF5A54700A245AE /* UIView+XMGSegmentBar.m in Sources */ = {isa = PBXBuildFile; fileRef = 7BDF14701DF5A54700A245AE /* UIView+XMGSegmentBar.m */; };
		7BDF148A1DF5A54700A245AE /* XMGSegmentBar.m in Sources */ = {isa = PBXBuildFile; fileRef = 7BDF14721DF5A54700A245AE /* XMGSegmentBar.m */; };
		7BDF148B1DF5A54700A245AE /* XMGSegmentBarConfig.m in Sources */ = {isa = PBXBuildFile; fileRef = 7BDF14741DF5A54700A245AE /* XMGSegmentBarConfig.m */; };
		7BDF148C1DF5A54700A245AE /* XMGSementBarVC.m in Sources */ = {isa = PBXBuildFile; fileRef = 7BDF14761DF5A54700A245AE /* XMGSementBarVC.m */; };
		7BDF148D1DF5A54700A245AE /* XMGModelTool.m in Sources */ = {isa = PBXBuildFile; fileRef = 7BDF14791DF5A54700A245AE /* XMGModelTool.m */; };
		7BDF148E1DF5A54700A245AE /* XMGSqliteModelTool.m in Sources */ = {isa = PBXBuildFile; fileRef = 7BDF147B1DF5A54700A245AE /* XMGSqliteModelTool.m */; };
		7BDF148F1DF5A54700A245AE /* XMGSqliteTool.m in Sources */ = {isa = PBXBuildFile; fileRef = 7BDF147D1DF5A54700A245AE /* XMGSqliteTool.m */; };
		7BDF14901DF5A54700A245AE /* XMGTableTool.m in Sources */ = {isa = PBXBuildFile; fileRef = 7BDF147F1DF5A54700A245AE /* XMGTableTool.m */; };
		7BDF14911DF5AC4C00A245AE /* libsqlite3.0.tbd in Frameworks */ = {isa = PBXBuildFile; fileRef = 7BC67FFC1DEDB741008D41E1 /* libsqlite3.0.tbd */; };
		E337D00E86F68FABAD7F578A /* Pods_XMGDownLoadListern.framework in Frameworks */ = {isa = PBXBuildFile; fileRef = 6301F510A38B708D03FFC92A /* Pods_XMGDownLoadListern.framework */; };
/* End PBXBuildFile section */

/* Begin PBXFileReference section */
		286A48A029AAA16DF0B5D3CE /* Pods-XMGDownLoadListern.debug.xcconfig */ = {isa = PBXFileReference; includeInIndex = 1; lastKnownFileType = text.xcconfig; name = "Pods-XMGDownLoadListern.debug.xcconfig"; path = "Pods/Target Support Files/Pods-XMGDownLoadListern/Pods-XMGDownLoadListern.debug.xcconfig"; sourceTree = "<group>"; };
		6301F510A38B708D03FFC92A /* Pods_XMGDownLoadListern.framework */ = {isa = PBXFileReference; explicitFileType = wrapper.framework; includeInIndex = 0; path = Pods_XMGDownLoadListern.framework; sourceTree = BUILT_PRODUCTS_DIR; };
		7BC67F3D1DED096F008D41E1 /* XMGDownLoadListern.app */ = {isa = PBXFileReference; explicitFileType = wrapper.application; includeInIndex = 0; path = XMGDownLoadListern.app; sourceTree = BUILT_PRODUCTS_DIR; };
		7BC67F411DED096F008D41E1 /* main.m */ = {isa = PBXFileReference; lastKnownFileType = sourcecode.c.objc; path = main.m; sourceTree = "<group>"; };
		7BC67F4A1DED096F008D41E1 /* Base */ = {isa = PBXFileReference; lastKnownFileType = file.storyboard; name = Base; path = Base.lproj/Main.storyboard; sourceTree = "<group>"; };
		7BC67F4C1DED096F008D41E1 /* Assets.xcassets */ = {isa = PBXFileReference; lastKnownFileType = folder.assetcatalog; path = Assets.xcassets; sourceTree = "<group>"; };
		7BC67F4F1DED096F008D41E1 /* Base */ = {isa = PBXFileReference; lastKnownFileType = file.storyboard; name = Base; path = Base.lproj/LaunchScreen.storyboard; sourceTree = "<group>"; };
		7BC67F5C1DED09FC008D41E1 /* AppDelegate.h */ = {isa = PBXFileReference; fileEncoding = 4; lastKnownFileType = sourcecode.c.h; path = AppDelegate.h; sourceTree = "<group>"; };
		7BC67F5D1DED09FC008D41E1 /* AppDelegate.m */ = {isa = PBXFileReference; fileEncoding = 4; lastKnownFileType = sourcecode.c.objc; path = AppDelegate.m; sourceTree = "<group>"; };
		7BC67F5E1DED09FC008D41E1 /* Info.plist */ = {isa = PBXFileReference; fileEncoding = 4; lastKnownFileType = text.plist.xml; path = Info.plist; sourceTree = "<group>"; };
		7BC67F5F1DED09FC008D41E1 /* main.m */ = {isa = PBXFileReference; fileEncoding = 4; lastKnownFileType = sourcecode.c.objc; path = main.m; sourceTree = "<group>"; };
		7BC67F671DED0A7C008D41E1 /* XMGDownLoadListernMainVC.h */ = {isa = PBXFileReference; fileEncoding = 4; lastKnownFileType = sourcecode.c.h; path = XMGDownLoadListernMainVC.h; sourceTree = "<group>"; };
		7BC67F681DED0A7C008D41E1 /* XMGDownLoadListernMainVC.m */ = {isa = PBXFileReference; fileEncoding = 4; lastKnownFileType = sourcecode.c.objc; path = XMGDownLoadListernMainVC.m; sourceTree = "<group>"; };
		7BC67F781DED0F23008D41E1 /* XMGDownLoadBaseTVC.h */ = {isa = PBXFileReference; fileEncoding = 4; lastKnownFileType = sourcecode.c.h; path = XMGDownLoadBaseTVC.h; sourceTree = "<group>"; };
		7BC67F791DED0F23008D41E1 /* XMGDownLoadBaseTVC.m */ = {isa = PBXFileReference; fileEncoding = 4; lastKnownFileType = sourcecode.c.objc; path = XMGDownLoadBaseTVC.m; sourceTree = "<group>"; };
		7BC67F7B1DED0FB1008D41E1 /* XMGNoDownLoadView.h */ = {isa = PBXFileReference; fileEncoding = 4; lastKnownFileType = sourcecode.c.h; path = XMGNoDownLoadView.h; sourceTree = "<group>"; };
		7BC67F7C1DED0FB1008D41E1 /* XMGNoDownLoadView.m */ = {isa = PBXFileReference; fileEncoding = 4; lastKnownFileType = sourcecode.c.objc; path = XMGNoDownLoadView.m; sourceTree = "<group>"; };
		7BC67F7D1DED0FB1008D41E1 /* XMGNoDownLoadView.xib */ = {isa = PBXFileReference; fileEncoding = 4; lastKnownFileType = file.xib; path = XMGNoDownLoadView.xib; sourceTree = "<group>"; };
		7BC67F801DED10AC008D41E1 /* XMGDownLoadAlbumTVC.h */ = {isa = PBXFileReference; fileEncoding = 4; lastKnownFileType = sourcecode.c.h; path = XMGDownLoadAlbumTVC.h; sourceTree = "<group>"; };
		7BC67F811DED10AC008D41E1 /* XMGDownLoadAlbumTVC.m */ = {isa = PBXFileReference; fileEncoding = 4; lastKnownFileType = sourcecode.c.objc; path = XMGDownLoadAlbumTVC.m; sourceTree = "<group>"; };
		7BC67F831DED10C1008D41E1 /* XMGDownLoadVoiceTVC.h */ = {isa = PBXFileReference; fileEncoding = 4; lastKnownFileType = sourcecode.c.h; path = XMGDownLoadVoiceTVC.h; sourceTree = "<group>"; };
		7BC67F841DED10C1008D41E1 /* XMGDownLoadVoiceTVC.m */ = {isa = PBXFileReference; fileEncoding = 4; lastKnownFileType = sourcecode.c.objc; path = XMGDownLoadVoiceTVC.m; sourceTree = "<group>"; };
		7BC67F861DED10D6008D41E1 /* XMGDownLoadingVoiceTVC.h */ = {isa = PBXFileReference; fileEncoding = 4; lastKnownFileType = sourcecode.c.h; path = XMGDownLoadingVoiceTVC.h; sourceTree = "<group>"; };
		7BC67F871DED10D6008D41E1 /* XMGDownLoadingVoiceTVC.m */ = {isa = PBXFileReference; fileEncoding = 4; lastKnownFileType = sourcecode.c.objc; path = XMGDownLoadingVoiceTVC.m; sourceTree = "<group>"; };
		7BC67F8D1DED2488008D41E1 /* XMGTodayFireMainVC.h */ = {isa = PBXFileReference; fileEncoding = 4; lastKnownFileType = sourcecode.c.h; path = XMGTodayFireMainVC.h; sourceTree = "<group>"; };
		7BC67F8E1DED2488008D41E1 /* XMGTodayFireMainVC.m */ = {isa = PBXFileReference; fileEncoding = 4; lastKnownFileType = sourcecode.c.objc; path = XMGTodayFireMainVC.m; sourceTree = "<group>"; };
		7BC67F8F1DED2488008D41E1 /* XMGTodayFireVoiceListTVC.h */ = {isa = PBXFileReference; fileEncoding = 4; lastKnownFileType = sourcecode.c.h; path = XMGTodayFireVoiceListTVC.h; sourceTree = "<group>"; };
		7BC67F901DED2488008D41E1 /* XMGTodayFireVoiceListTVC.m */ = {isa = PBXFileReference; fileEncoding = 4; lastKnownFileType = sourcecode.c.objc; path = XMGTodayFireVoiceListTVC.m; sourceTree = "<group>"; };
		7BC67F931DED24AC008D41E1 /* XMGCategoryModel.h */ = {isa = PBXFileReference; fileEncoding = 4; lastKnownFileType = sourcecode.c.h; path = XMGCategoryModel.h; sourceTree = "<group>"; };
		7BC67F941DED24AC008D41E1 /* XMGCategoryModel.m */ = {isa = PBXFileReference; fileEncoding = 4; lastKnownFileType = sourcecode.c.objc; path = XMGCategoryModel.m; sourceTree = "<group>"; };
		7BC67F951DED24AC008D41E1 /* XMGDownLoadVoiceModel.h */ = {isa = PBXFileReference; fileEncoding = 4; lastKnownFileType = sourcecode.c.h; path = XMGDownLoadVoiceModel.h; sourceTree = "<group>"; };
		7BC67F961DED24AC008D41E1 /* XMGDownLoadVoiceModel.m */ = {isa = PBXFileReference; fileEncoding = 4; lastKnownFileType = sourcecode.c.objc; path = XMGDownLoadVoiceModel.m; sourceTree = "<group>"; };
		7BC67F991DED24C4008D41E1 /* XMGTodayFireVoiceCell.h */ = {isa = PBXFileReference; fileEncoding = 4; lastKnownFileType = sourcecode.c.h; path = XMGTodayFireVoiceCell.h; sourceTree = "<group>"; };
		7BC67F9A1DED24C4008D41E1 /* XMGTodayFireVoiceCell.m */ = {isa = PBXFileReference; fileEncoding = 4; lastKnownFileType = sourcecode.c.objc; path = XMGTodayFireVoiceCell.m; sourceTree = "<group>"; };
		7BC67F9B1DED24C4008D41E1 /* XMGTodayFireVoiceCell.xib */ = {isa = PBXFileReference; fileEncoding = 4; lastKnownFileType = file.xib; path = XMGTodayFireVoiceCell.xib; sourceTree = "<group>"; };
		7BC67FA31DED29DB008D41E1 /* UIView+XMGNib.h */ = {isa = PBXFileReference; fileEncoding = 4; lastKnownFileType = sourcecode.c.h; path = "UIView+XMGNib.h"; sourceTree = "<group>"; };
		7BC67FA41DED29DB008D41E1 /* UIView+XMGNib.m */ = {isa = PBXFileReference; fileEncoding = 4; lastKnownFileType = sourcecode.c.objc; path = "UIView+XMGNib.m"; sourceTree = "<group>"; };
		7BC67FA61DED29DB008D41E1 /* XMGSessionManager.h */ = {isa = PBXFileReference; fileEncoding = 4; lastKnownFileType = sourcecode.c.h; path = XMGSessionManager.h; sourceTree = "<group>"; };
		7BC67FA71DED29DB008D41E1 /* XMGSessionManager.m */ = {isa = PBXFileReference; fileEncoding = 4; lastKnownFileType = sourcecode.c.objc; path = XMGSessionManager.m; sourceTree = "<group>"; };
		7BC67FEE1DEDA165008D41E1 /* XMGTodayFireDataProvider.h */ = {isa = PBXFileReference; fileEncoding = 4; lastKnownFileType = sourcecode.c.h; path = XMGTodayFireDataProvider.h; sourceTree = "<group>"; };
		7BC67FEF1DEDA165008D41E1 /* XMGTodayFireDataProvider.m */ = {isa = PBXFileReference; fileEncoding = 4; lastKnownFileType = sourcecode.c.objc; path = XMGTodayFireDataProvider.m; sourceTree = "<group>"; };
		7BC67FF21DEDAA33008D41E1 /* XMGTodayFireVoiceCellPresenter.h */ = {isa = PBXFileReference; fileEncoding = 4; lastKnownFileType = sourcecode.c.h; path = XMGTodayFireVoiceCellPresenter.h; sourceTree = "<group>"; };
		7BC67FF31DEDAA33008D41E1 /* XMGTodayFireVoiceCellPresenter.m */ = {isa = PBXFileReference; fileEncoding = 4; lastKnownFileType = sourcecode.c.objc; path = XMGTodayFireVoiceCellPresenter.m; sourceTree = "<group>"; };
		7BC67FFC1DEDB741008D41E1 /* libsqlite3.0.tbd */ = {isa = PBXFileReference; lastKnownFileType = "sourcecode.text-based-dylib-definition"; name = libsqlite3.0.tbd; path = usr/lib/libsqlite3.0.tbd; sourceTree = SDKROOT; };
		7BC680001DEDC2BA008D41E1 /* XMGDownLoadAlbumCell.h */ = {isa = PBXFileReference; fileEncoding = 4; lastKnownFileType = sourcecode.c.h; path = XMGDownLoadAlbumCell.h; sourceTree = "<group>"; };
		7BC680011DEDC2BA008D41E1 /* XMGDownLoadAlbumCell.m */ = {isa = PBXFileReference; fileEncoding = 4; lastKnownFileType = sourcecode.c.objc; path = XMGDownLoadAlbumCell.m; sourceTree = "<group>"; };
		7BC680021DEDC2BA008D41E1 /* XMGDownLoadAlbumCell.xib */ = {isa = PBXFileReference; fileEncoding = 4; lastKnownFileType = file.xib; path = XMGDownLoadAlbumCell.xib; sourceTree = "<group>"; };
		7BC680031DEDC2BA008D41E1 /* XMGDownLoadVoiceCell.h */ = {isa = PBXFileReference; fileEncoding = 4; lastKnownFileType = sourcecode.c.h; path = XMGDownLoadVoiceCell.h; sourceTree = "<group>"; };
		7BC680041DEDC2BA008D41E1 /* XMGDownLoadVoiceCell.m */ = {isa = PBXFileReference; fileEncoding = 4; lastKnownFileType = sourcecode.c.objc; path = XMGDownLoadVoiceCell.m; sourceTree = "<group>"; };
		7BC680051DEDC2BA008D41E1 /* XMGDownLoadVoiceCell.xib */ = {isa = PBXFileReference; fileEncoding = 4; lastKnownFileType = file.xib; path = XMGDownLoadVoiceCell.xib; sourceTree = "<group>"; };
		7BC6800A1DEDC2F3008D41E1 /* XMGDownLoadListernDataTool.h */ = {isa = PBXFileReference; fileEncoding = 4; lastKnownFileType = sourcecode.c.h; path = XMGDownLoadListernDataTool.h; sourceTree = "<group>"; };
		7BC6800B1DEDC2F3008D41E1 /* XMGDownLoadListernDataTool.m */ = {isa = PBXFileReference; fileEncoding = 4; lastKnownFileType = sourcecode.c.objc; path = XMGDownLoadListernDataTool.m; sourceTree = "<group>"; };
		7BC6800D1DEDC301008D41E1 /* XMGAlbumModel.h */ = {isa = PBXFileReference; fileEncoding = 4; lastKnownFileType = sourcecode.c.h; path = XMGAlbumModel.h; sourceTree = "<group>"; };
		7BC6800E1DEDC301008D41E1 /* XMGAlbumModel.m */ = {isa = PBXFileReference; fileEncoding = 4; lastKnownFileType = sourcecode.c.objc; path = XMGAlbumModel.m; sourceTree = "<group>"; };
		7BC680101DEDC452008D41E1 /* XMGDownLoadVoiceCellPresenter.h */ = {isa = PBXFileReference; fileEncoding = 4; lastKnownFileType = sourcecode.c.h; path = XMGDownLoadVoiceCellPresenter.h; sourceTree = "<group>"; };
		7BC680111DEDC452008D41E1 /* XMGDownLoadVoiceCellPresenter.m */ = {isa = PBXFileReference; fileEncoding = 4; lastKnownFileType = sourcecode.c.objc; path = XMGDownLoadVoiceCellPresenter.m; sourceTree = "<group>"; };
		7BC680131DEDCDBC008D41E1 /* XMGDownLoadAlbumCellPresenter.h */ = {isa = PBXFileReference; fileEncoding = 4; lastKnownFileType = sourcecode.c.h; path = XMGDownLoadAlbumCellPresenter.h; sourceTree = "<group>"; };
		7BC680141DEDCDBC008D41E1 /* XMGDownLoadAlbumCellPresenter.m */ = {isa = PBXFileReference; fileEncoding = 4; lastKnownFileType = sourcecode.c.objc; path = XMGDownLoadAlbumCellPresenter.m; sourceTree = "<group>"; };
		7BC680161DEDCE1E008D41E1 /* XMGDownLoadedVoicInAlbumTVC.h */ = {isa = PBXFileReference; fileEncoding = 4; lastKnownFileType = sourcecode.c.h; path = XMGDownLoadedVoicInAlbumTVC.h; sourceTree = "<group>"; };
		7BC680171DEDCE1E008D41E1 /* XMGDownLoadedVoicInAlbumTVC.m */ = {isa = PBXFileReference; fileEncoding = 4; lastKnownFileType = sourcecode.c.objc; path = XMGDownLoadedVoicInAlbumTVC.m; sourceTree = "<group>"; };
		7BDF145B1DF5A54700A245AE /* NSString+XMGDownLoader.h */ = {isa = PBXFileReference; fileEncoding = 4; lastKnownFileType = sourcecode.c.h; path = "NSString+XMGDownLoader.h"; sourceTree = "<group>"; };
		7BDF145C1DF5A54700A245AE /* NSString+XMGDownLoader.m */ = {isa = PBXFileReference; fileEncoding = 4; lastKnownFileType = sourcecode.c.objc; path = "NSString+XMGDownLoader.m"; sourceTree = "<group>"; };
		7BDF145D1DF5A54700A245AE /* XMGDownLoader.h */ = {isa = PBXFileReference; fileEncoding = 4; lastKnownFileType = sourcecode.c.h; path = XMGDownLoader.h; sourceTree = "<group>"; };
		7BDF145E1DF5A54700A245AE /* XMGDownLoader.m */ = {isa = PBXFileReference; fileEncoding = 4; lastKnownFileType = sourcecode.c.objc; path = XMGDownLoader.m; sourceTree = "<group>"; };
		7BDF145F1DF5A54700A245AE /* XMGDownLoaderFileTool.h */ = {isa = PBXFileReference; fileEncoding = 4; lastKnownFileType = sourcecode.c.h; path = XMGDownLoaderFileTool.h; sourceTree = "<group>"; };
		7BDF14601DF5A54700A245AE /* XMGDownLoaderFileTool.m */ = {isa = PBXFileReference; fileEncoding = 4; lastKnownFileType = sourcecode.c.objc; path = XMGDownLoaderFileTool.m; sourceTree = "<group>"; };
		7BDF14611DF5A54700A245AE /* XMGDownLoadManager.h */ = {isa = PBXFileReference; fileEncoding = 4; lastKnownFileType = sourcecode.c.h; path = XMGDownLoadManager.h; sourceTree = "<group>"; };
		7BDF14621DF5A54700A245AE /* XMGDownLoadManager.m */ = {isa = PBXFileReference; fileEncoding = 4; lastKnownFileType = sourcecode.c.objc; path = XMGDownLoadManager.m; sourceTree = "<group>"; };
		7BDF14641DF5A54700A245AE /* NSURL+XMGAudio.h */ = {isa = PBXFileReference; fileEncoding = 4; lastKnownFileType = sourcecode.c.h; path = "NSURL+XMGAudio.h"; sourceTree = "<group>"; };
		7BDF14651DF5A54700A245AE /* NSURL+XMGAudio.m */ = {isa = PBXFileReference; fileEncoding = 4; lastKnownFileType = sourcecode.c.objc; path = "NSURL+XMGAudio.m"; sourceTree = "<group>"; };
		7BDF14661DF5A54700A245AE /* XMGAudioDownLoader.h */ = {isa = PBXFileReference; fileEncoding = 4; lastKnownFileType = sourcecode.c.h; path = XMGAudioDownLoader.h; sourceTree = "<group>"; };
		7BDF14671DF5A54700A245AE /* XMGAudioDownLoader.m */ = {isa = PBXFileReference; fileEncoding = 4; lastKnownFileType = sourcecode.c.objc; path = XMGAudioDownLoader.m; sourceTree = "<group>"; };
		7BDF14681DF5A54700A245AE /* XMGAudioFileTool.h */ = {isa = PBXFileReference; fileEncoding = 4; lastKnownFileType = sourcecode.c.h; path = XMGAudioFileTool.h; sourceTree = "<group>"; };
		7BDF14691DF5A54700A245AE /* XMGAudioFileTool.m */ = {isa = PBXFileReference; fileEncoding = 4; lastKnownFileType = sourcecode.c.objc; path = XMGAudioFileTool.m; sourceTree = "<group>"; };
		7BDF146A1DF5A54700A245AE /* XMGRemotePlayer.h */ = {isa = PBXFileReference; fileEncoding = 4; lastKnownFileType = sourcecode.c.h; path = XMGRemotePlayer.h; sourceTree = "<group>"; };
		7BDF146B1DF5A54700A245AE /* XMGRemotePlayer.m */ = {isa = PBXFileReference; fileEncoding = 4; lastKnownFileType = sourcecode.c.objc; path = XMGRemotePlayer.m; sourceTree = "<group>"; };
		7BDF146C1DF5A54700A245AE /* XMGResourceLoader.h */ = {isa = PBXFileReference; fileEncoding = 4; lastKnownFileType = sourcecode.c.h; path = XMGResourceLoader.h; sourceTree = "<group>"; };
		7BDF146D1DF5A54700A245AE /* XMGResourceLoader.m */ = {isa = PBXFileReference; fileEncoding = 4; lastKnownFileType = sourcecode.c.objc; path = XMGResourceLoader.m; sourceTree = "<group>"; };
		7BDF146F1DF5A54700A245AE /* UIView+XMGSegmentBar.h */ = {isa = PBXFileReference; fileEncoding = 4; lastKnownFileType = sourcecode.c.h; path = "UIView+XMGSegmentBar.h"; sourceTree = "<group>"; };
		7BDF14701DF5A54700A245AE /* UIView+XMGSegmentBar.m */ = {isa = PBXFileReference; fileEncoding = 4; lastKnownFileType = sourcecode.c.objc; path = "UIView+XMGSegmentBar.m"; sourceTree = "<group>"; };
		7BDF14711DF5A54700A245AE /* XMGSegmentBar.h */ = {isa = PBXFileReference; fileEncoding = 4; lastKnownFileType = sourcecode.c.h; path = XMGSegmentBar.h; sourceTree = "<group>"; };
		7BDF14721DF5A54700A245AE /* XMGSegmentBar.m */ = {isa = PBXFileReference; fileEncoding = 4; lastKnownFileType = sourcecode.c.objc; path = XMGSegmentBar.m; sourceTree = "<group>"; };
		7BDF14731DF5A54700A245AE /* XMGSegmentBarConfig.h */ = {isa = PBXFileReference; fileEncoding = 4; lastKnownFileType = sourcecode.c.h; path = XMGSegmentBarConfig.h; sourceTree = "<group>"; };
		7BDF14741DF5A54700A245AE /* XMGSegmentBarConfig.m */ = {isa = PBXFileReference; fileEncoding = 4; lastKnownFileType = sourcecode.c.objc; path = XMGSegmentBarConfig.m; sourceTree = "<group>"; };
		7BDF14751DF5A54700A245AE /* XMGSementBarVC.h */ = {isa = PBXFileReference; fileEncoding = 4; lastKnownFileType = sourcecode.c.h; path = XMGSementBarVC.h; sourceTree = "<group>"; };
		7BDF14761DF5A54700A245AE /* XMGSementBarVC.m */ = {isa = PBXFileReference; fileEncoding = 4; lastKnownFileType = sourcecode.c.objc; path = XMGSementBarVC.m; sourceTree = "<group>"; };
		7BDF14781DF5A54700A245AE /* XMGModelTool.h */ = {isa = PBXFileReference; fileEncoding = 4; lastKnownFileType = sourcecode.c.h; path = XMGModelTool.h; sourceTree = "<group>"; };
		7BDF14791DF5A54700A245AE /* XMGModelTool.m */ = {isa = PBXFileReference; fileEncoding = 4; lastKnownFileType = sourcecode.c.objc; path = XMGModelTool.m; sourceTree = "<group>"; };
		7BDF147A1DF5A54700A245AE /* XMGSqliteModelTool.h */ = {isa = PBXFileReference; fileEncoding = 4; lastKnownFileType = sourcecode.c.h; path = XMGSqliteModelTool.h; sourceTree = "<group>"; };
		7BDF147B1DF5A54700A245AE /* XMGSqliteModelTool.m */ = {isa = PBXFileReference; fileEncoding = 4; lastKnownFileType = sourcecode.c.objc; path = XMGSqliteModelTool.m; sourceTree = "<group>"; };
		7BDF147C1DF5A54700A245AE /* XMGSqliteTool.h */ = {isa = PBXFileReference; fileEncoding = 4; lastKnownFileType = sourcecode.c.h; path = XMGSqliteTool.h; sourceTree = "<group>"; };
		7BDF147D1DF5A54700A245AE /* XMGSqliteTool.m */ = {isa = PBXFileReference; fileEncoding = 4; lastKnownFileType = sourcecode.c.objc; path = XMGSqliteTool.m; sourceTree = "<group>"; };
		7BDF147E1DF5A54700A245AE /* XMGTableTool.h */ = {isa = PBXFileReference; fileEncoding = 4; lastKnownFileType = sourcecode.c.h; path = XMGTableTool.h; sourceTree = "<group>"; };
		7BDF147F1DF5A54700A245AE /* XMGTableTool.m */ = {isa = PBXFileReference; fileEncoding = 4; lastKnownFileType = sourcecode.c.objc; path = XMGTableTool.m; sourceTree = "<group>"; };
		E14D51D360F0953FC2BE74A5 /* Pods-XMGDownLoadListern.release.xcconfig */ = {isa = PBXFileReference; includeInIndex = 1; lastKnownFileType = text.xcconfig; name = "Pods-XMGDownLoadListern.release.xcconfig"; path = "Pods/Target Support Files/Pods-XMGDownLoadListern/Pods-XMGDownLoadListern.release.xcconfig"; sourceTree = "<group>"; };
/* End PBXFileReference section */

/* Begin PBXFrameworksBuildPhase section */
		7BC67F3A1DED096F008D41E1 /* Frameworks */ = {
			isa = PBXFrameworksBuildPhase;
			buildActionMask = 2147483647;
			files = (
				7BDF14911DF5AC4C00A245AE /* libsqlite3.0.tbd in Frameworks */,
				E337D00E86F68FABAD7F578A /* Pods_XMGDownLoadListern.framework in Frameworks */,
			);
			runOnlyForDeploymentPostprocessing = 0;
		};
/* End PBXFrameworksBuildPhase section */

/* Begin PBXGroup section */
		357BAC4EF1BA8BFC5F6C199B /* Pods */ = {
			isa = PBXGroup;
			children = (
				286A48A029AAA16DF0B5D3CE /* Pods-XMGDownLoadListern.debug.xcconfig */,
				E14D51D360F0953FC2BE74A5 /* Pods-XMGDownLoadListern.release.xcconfig */,
			);
			name = Pods;
			sourceTree = "<group>";
		};
		7BC67F341DED096F008D41E1 = {
			isa = PBXGroup;
			children = (
				7BC67F3F1DED096F008D41E1 /* XMGDownLoadListern */,
				7BC67F3E1DED096F008D41E1 /* Products */,
				357BAC4EF1BA8BFC5F6C199B /* Pods */,
				E18CE849AC7E855974DB1F31 /* Frameworks */,
			);
			sourceTree = "<group>";
		};
		7BC67F3E1DED096F008D41E1 /* Products */ = {
			isa = PBXGroup;
			children = (
				7BC67F3D1DED096F008D41E1 /* XMGDownLoadListern.app */,
			);
			name = Products;
			sourceTree = "<group>";
		};
		7BC67F3F1DED096F008D41E1 /* XMGDownLoadListern */ = {
			isa = PBXGroup;
			children = (
				7BC67F581DED09FC008D41E1 /* Classes */,
				7BC67F571DED09EC008D41E1 /* Resource */,
				7BC67F401DED096F008D41E1 /* Supporting Files */,
			);
			path = XMGDownLoadListern;
			sourceTree = "<group>";
		};
		7BC67F401DED096F008D41E1 /* Supporting Files */ = {
			isa = PBXGroup;
			children = (
				7BC67F411DED096F008D41E1 /* main.m */,
			);
			name = "Supporting Files";
			sourceTree = "<group>";
		};
		7BC67F571DED09EC008D41E1 /* Resource */ = {
			isa = PBXGroup;
			children = (
				7BC67F491DED096F008D41E1 /* Main.storyboard */,
				7BC67F4C1DED096F008D41E1 /* Assets.xcassets */,
				7BC67F4E1DED096F008D41E1 /* LaunchScreen.storyboard */,
			);
			name = Resource;
			sourceTree = "<group>";
		};
		7BC67F581DED09FC008D41E1 /* Classes */ = {
			isa = PBXGroup;
			children = (
				7BC67F891DED17A4008D41E1 /* XMGToadayFire */,
				7BC67F601DED09FC008D41E1 /* XMGDownLoaderListern */,
				7BC67F591DED09FC008D41E1 /* Other */,
			);
			path = Classes;
			sourceTree = "<group>";
		};
		7BC67F591DED09FC008D41E1 /* Other */ = {
			isa = PBXGroup;
			children = (
				7BDF14591DF5A51000A245AE /* Lib */,
				7BC67FA21DED29DB008D41E1 /* Category */,
				7BC67FA51DED29DB008D41E1 /* NetWork */,
				7BC67F5B1DED09FC008D41E1 /* System */,
			);
			path = Other;
			sourceTree = "<group>";
		};
		7BC67F5B1DED09FC008D41E1 /* System */ = {
			isa = PBXGroup;
			children = (
				7BC67F5C1DED09FC008D41E1 /* AppDelegate.h */,
				7BC67F5D1DED09FC008D41E1 /* AppDelegate.m */,
				7BC67F5E1DED09FC008D41E1 /* Info.plist */,
				7BC67F5F1DED09FC008D41E1 /* main.m */,
			);
			path = System;
			sourceTree = "<group>";
		};
		7BC67F601DED09FC008D41E1 /* XMGDownLoaderListern */ = {
			isa = PBXGroup;
			children = (
				7BC67FFF1DEDC280008D41E1 /* Presenter */,
				7BC67FFE1DEDC267008D41E1 /* DataProvider */,
				7BC67F611DED09FC008D41E1 /* Controller */,
				7BC67F621DED09FC008D41E1 /* Model */,
				7BC67F631DED09FC008D41E1 /* View */,
			);
			path = XMGDownLoaderListern;
			sourceTree = "<group>";
		};
		7BC67F611DED09FC008D41E1 /* Controller */ = {
			isa = PBXGroup;
			children = (
				7BC680161DEDCE1E008D41E1 /* XMGDownLoadedVoicInAlbumTVC.h */,
				7BC680171DEDCE1E008D41E1 /* XMGDownLoadedVoicInAlbumTVC.m */,
				7BC67F671DED0A7C008D41E1 /* XMGDownLoadListernMainVC.h */,
				7BC67F681DED0A7C008D41E1 /* XMGDownLoadListernMainVC.m */,
				7BC67F781DED0F23008D41E1 /* XMGDownLoadBaseTVC.h */,
				7BC67F791DED0F23008D41E1 /* XMGDownLoadBaseTVC.m */,
				7BC67F801DED10AC008D41E1 /* XMGDownLoadAlbumTVC.h */,
				7BC67F811DED10AC008D41E1 /* XMGDownLoadAlbumTVC.m */,
				7BC67F831DED10C1008D41E1 /* XMGDownLoadVoiceTVC.h */,
				7BC67F841DED10C1008D41E1 /* XMGDownLoadVoiceTVC.m */,
				7BC67F861DED10D6008D41E1 /* XMGDownLoadingVoiceTVC.h */,
				7BC67F871DED10D6008D41E1 /* XMGDownLoadingVoiceTVC.m */,
			);
			path = Controller;
			sourceTree = "<group>";
		};
		7BC67F621DED09FC008D41E1 /* Model */ = {
			isa = PBXGroup;
			children = (
				7BC6800D1DEDC301008D41E1 /* XMGAlbumModel.h */,
				7BC6800E1DEDC301008D41E1 /* XMGAlbumModel.m */,
			);
			path = Model;
			sourceTree = "<group>";
		};
		7BC67F631DED09FC008D41E1 /* View */ = {
			isa = PBXGroup;
			children = (
				7BC680001DEDC2BA008D41E1 /* XMGDownLoadAlbumCell.h */,
				7BC680011DEDC2BA008D41E1 /* XMGDownLoadAlbumCell.m */,
				7BC680021DEDC2BA008D41E1 /* XMGDownLoadAlbumCell.xib */,
				7BC680031DEDC2BA008D41E1 /* XMGDownLoadVoiceCell.h */,
				7BC680041DEDC2BA008D41E1 /* XMGDownLoadVoiceCell.m */,
				7BC680051DEDC2BA008D41E1 /* XMGDownLoadVoiceCell.xib */,
				7BC67F7B1DED0FB1008D41E1 /* XMGNoDownLoadView.h */,
				7BC67F7C1DED0FB1008D41E1 /* XMGNoDownLoadView.m */,
				7BC67F7D1DED0FB1008D41E1 /* XMGNoDownLoadView.xib */,
			);
			path = View;
			sourceTree = "<group>";
		};
		7BC67F891DED17A4008D41E1 /* XMGToadayFire */ = {
			isa = PBXGroup;
			children = (
				7BC67FED1DEDA11A008D41E1 /* DataProvider */,
				7BC67F8A1DED17A4008D41E1 /* Controller */,
				7BC67F8B1DED17A4008D41E1 /* Model */,
				7BC67FF11DEDAA1A008D41E1 /* Presenter */,
				7BC67F8C1DED17A4008D41E1 /* View */,
			);
			path = XMGToadayFire;
			sourceTree = "<group>";
		};
		7BC67F8A1DED17A4008D41E1 /* Controller */ = {
			isa = PBXGroup;
			children = (
				7BC67F8D1DED2488008D41E1 /* XMGTodayFireMainVC.h */,
				7BC67F8E1DED2488008D41E1 /* XMGTodayFireMainVC.m */,
				7BC67F8F1DED2488008D41E1 /* XMGTodayFireVoiceListTVC.h */,
				7BC67F901DED2488008D41E1 /* XMGTodayFireVoiceListTVC.m */,
			);
			path = Controller;
			sourceTree = "<group>";
		};
		7BC67F8B1DED17A4008D41E1 /* Model */ = {
			isa = PBXGroup;
			children = (
				7BC67F931DED24AC008D41E1 /* XMGCategoryModel.h */,
				7BC67F941DED24AC008D41E1 /* XMGCategoryModel.m */,
				7BC67F951DED24AC008D41E1 /* XMGDownLoadVoiceModel.h */,
				7BC67F961DED24AC008D41E1 /* XMGDownLoadVoiceModel.m */,
			);
			path = Model;
			sourceTree = "<group>";
		};
		7BC67F8C1DED17A4008D41E1 /* View */ = {
			isa = PBXGroup;
			children = (
				7BC67F991DED24C4008D41E1 /* XMGTodayFireVoiceCell.h */,
				7BC67F9A1DED24C4008D41E1 /* XMGTodayFireVoiceCell.m */,
				7BC67F9B1DED24C4008D41E1 /* XMGTodayFireVoiceCell.xib */,
			);
			path = View;
			sourceTree = "<group>";
		};
		7BC67FA21DED29DB008D41E1 /* Category */ = {
			isa = PBXGroup;
			children = (
				7BC67FA31DED29DB008D41E1 /* UIView+XMGNib.h */,
				7BC67FA41DED29DB008D41E1 /* UIView+XMGNib.m */,
			);
			path = Category;
			sourceTree = "<group>";
		};
		7BC67FA51DED29DB008D41E1 /* NetWork */ = {
			isa = PBXGroup;
			children = (
				7BC67FA61DED29DB008D41E1 /* XMGSessionManager.h */,
				7BC67FA71DED29DB008D41E1 /* XMGSessionManager.m */,
			);
			path = NetWork;
			sourceTree = "<group>";
		};
		7BC67FED1DEDA11A008D41E1 /* DataProvider */ = {
			isa = PBXGroup;
			children = (
				7BC67FEE1DEDA165008D41E1 /* XMGTodayFireDataProvider.h */,
				7BC67FEF1DEDA165008D41E1 /* XMGTodayFireDataProvider.m */,
			);
			path = DataProvider;
			sourceTree = "<group>";
		};
		7BC67FF11DEDAA1A008D41E1 /* Presenter */ = {
			isa = PBXGroup;
			children = (
				7BC67FF21DEDAA33008D41E1 /* XMGTodayFireVoiceCellPresenter.h */,
				7BC67FF31DEDAA33008D41E1 /* XMGTodayFireVoiceCellPresenter.m */,
			);
			path = Presenter;
			sourceTree = "<group>";
		};
		7BC67FFE1DEDC267008D41E1 /* DataProvider */ = {
			isa = PBXGroup;
			children = (
				7BC6800A1DEDC2F3008D41E1 /* XMGDownLoadListernDataTool.h */,
				7BC6800B1DEDC2F3008D41E1 /* XMGDownLoadListernDataTool.m */,
			);
			path = DataProvider;
			sourceTree = "<group>";
		};
		7BC67FFF1DEDC280008D41E1 /* Presenter */ = {
			isa = PBXGroup;
			children = (
				7BC680101DEDC452008D41E1 /* XMGDownLoadVoiceCellPresenter.h */,
				7BC680111DEDC452008D41E1 /* XMGDownLoadVoiceCellPresenter.m */,
				7BC680131DEDCDBC008D41E1 /* XMGDownLoadAlbumCellPresenter.h */,
				7BC680141DEDCDBC008D41E1 /* XMGDownLoadAlbumCellPresenter.m */,
			);
			path = Presenter;
			sourceTree = "<group>";
		};
		7BDF14591DF5A51000A245AE /* Lib */ = {
			isa = PBXGroup;
			children = (
				7BDF145A1DF5A54700A245AE /* XMGDownLoadLib */,
				7BDF14631DF5A54700A245AE /* XMGRemotePlayerLib */,
				7BDF146E1DF5A54700A245AE /* XMGSegmentBar */,
				7BDF14771DF5A54700A245AE /* XMGSqliteLib */,
			);
			path = Lib;
			sourceTree = "<group>";
		};
		7BDF145A1DF5A54700A245AE /* XMGDownLoadLib */ = {
			isa = PBXGroup;
			children = (
				7BDF145B1DF5A54700A245AE /* NSString+XMGDownLoader.h */,
				7BDF145C1DF5A54700A245AE /* NSString+XMGDownLoader.m */,
				7BDF145D1DF5A54700A245AE /* XMGDownLoader.h */,
				7BDF145E1DF5A54700A245AE /* XMGDownLoader.m */,
				7BDF145F1DF5A54700A245AE /* XMGDownLoaderFileTool.h */,
				7BDF14601DF5A54700A245AE /* XMGDownLoaderFileTool.m */,
				7BDF14611DF5A54700A245AE /* XMGDownLoadManager.h */,
				7BDF14621DF5A54700A245AE /* XMGDownLoadManager.m */,
			);
			path = XMGDownLoadLib;
			sourceTree = "<group>";
		};
		7BDF14631DF5A54700A245AE /* XMGRemotePlayerLib */ = {
			isa = PBXGroup;
			children = (
				7BDF14641DF5A54700A245AE /* NSURL+XMGAudio.h */,
				7BDF14651DF5A54700A245AE /* NSURL+XMGAudio.m */,
				7BDF14661DF5A54700A245AE /* XMGAudioDownLoader.h */,
				7BDF14671DF5A54700A245AE /* XMGAudioDownLoader.m */,
				7BDF14681DF5A54700A245AE /* XMGAudioFileTool.h */,
				7BDF14691DF5A54700A245AE /* XMGAudioFileTool.m */,
				7BDF146A1DF5A54700A245AE /* XMGRemotePlayer.h */,
				7BDF146B1DF5A54700A245AE /* XMGRemotePlayer.m */,
				7BDF146C1DF5A54700A245AE /* XMGResourceLoader.h */,
				7BDF146D1DF5A54700A245AE /* XMGResourceLoader.m */,
			);
			path = XMGRemotePlayerLib;
			sourceTree = "<group>";
		};
		7BDF146E1DF5A54700A245AE /* XMGSegmentBar */ = {
			isa = PBXGroup;
			children = (
				7BDF146F1DF5A54700A245AE /* UIView+XMGSegmentBar.h */,
				7BDF14701DF5A54700A245AE /* UIView+XMGSegmentBar.m */,
				7BDF14711DF5A54700A245AE /* XMGSegmentBar.h */,
				7BDF14721DF5A54700A245AE /* XMGSegmentBar.m */,
				7BDF14731DF5A54700A245AE /* XMGSegmentBarConfig.h */,
				7BDF14741DF5A54700A245AE /* XMGSegmentBarConfig.m */,
				7BDF14751DF5A54700A245AE /* XMGSementBarVC.h */,
				7BDF14761DF5A54700A245AE /* XMGSementBarVC.m */,
			);
			path = XMGSegmentBar;
			sourceTree = "<group>";
		};
		7BDF14771DF5A54700A245AE /* XMGSqliteLib */ = {
			isa = PBXGroup;
			children = (
				7BDF14781DF5A54700A245AE /* XMGModelTool.h */,
				7BDF14791DF5A54700A245AE /* XMGModelTool.m */,
				7BDF147A1DF5A54700A245AE /* XMGSqliteModelTool.h */,
				7BDF147B1DF5A54700A245AE /* XMGSqliteModelTool.m */,
				7BDF147C1DF5A54700A245AE /* XMGSqliteTool.h */,
				7BDF147D1DF5A54700A245AE /* XMGSqliteTool.m */,
				7BDF147E1DF5A54700A245AE /* XMGTableTool.h */,
				7BDF147F1DF5A54700A245AE /* XMGTableTool.m */,
			);
			path = XMGSqliteLib;
			sourceTree = "<group>";
		};
		E18CE849AC7E855974DB1F31 /* Frameworks */ = {
			isa = PBXGroup;
			children = (
				7BC67FFC1DEDB741008D41E1 /* libsqlite3.0.tbd */,
				6301F510A38B708D03FFC92A /* Pods_XMGDownLoadListern.framework */,
			);
			name = Frameworks;
			sourceTree = "<group>";
		};
/* End PBXGroup section */

/* Begin PBXNativeTarget section */
		7BC67F3C1DED096F008D41E1 /* XMGDownLoadListern */ = {
			isa = PBXNativeTarget;
			buildConfigurationList = 7BC67F541DED096F008D41E1 /* Build configuration list for PBXNativeTarget "XMGDownLoadListern" */;
			buildPhases = (
				CAEF489EE79000F575E6D7A5 /* [CP] Check Pods Manifest.lock */,
				7BC67F391DED096F008D41E1 /* Sources */,
				7BC67F3A1DED096F008D41E1 /* Frameworks */,
				7BC67F3B1DED096F008D41E1 /* Resources */,
				BF04D9A46A6B277B254029E6 /* [CP] Embed Pods Frameworks */,
				86234EC530720C29A297DF1A /* [CP] Copy Pods Resources */,
			);
			buildRules = (
			);
			dependencies = (
			);
			name = XMGDownLoadListern;
			productName = XMGDownLoadListern;
			productReference = 7BC67F3D1DED096F008D41E1 /* XMGDownLoadListern.app */;
			productType = "com.apple.product-type.application";
		};
/* End PBXNativeTarget section */

/* Begin PBXProject section */
		7BC67F351DED096F008D41E1 /* Project object */ = {
			isa = PBXProject;
			attributes = {
				LastUpgradeCheck = 0800;
				ORGANIZATIONNAME = "小码哥";
				TargetAttributes = {
					7BC67F3C1DED096F008D41E1 = {
						CreatedOnToolsVersion = 8.0;
						DevelopmentTeam = 8E534K4D8Z;
						ProvisioningStyle = Automatic;
					};
				};
			};
			buildConfigurationList = 7BC67F381DED096F008D41E1 /* Build configuration list for PBXProject "XMGDownLoadListern" */;
			compatibilityVersion = "Xcode 3.2";
			developmentRegion = English;
			hasScannedForEncodings = 0;
			knownRegions = (
				en,
				Base,
			);
			mainGroup = 7BC67F341DED096F008D41E1;
			productRefGroup = 7BC67F3E1DED096F008D41E1 /* Products */;
			projectDirPath = "";
			projectRoot = "";
			targets = (
				7BC67F3C1DED096F008D41E1 /* XMGDownLoadListern */,
			);
		};
/* End PBXProject section */

/* Begin PBXResourcesBuildPhase section */
		7BC67F3B1DED096F008D41E1 /* Resources */ = {
			isa = PBXResourcesBuildPhase;
			buildActionMask = 2147483647;
			files = (
				7BC67F501DED096F008D41E1 /* LaunchScreen.storyboard in Resources */,
				7BC67F4D1DED096F008D41E1 /* Assets.xcassets in Resources */,
				7BC680071DEDC2BA008D41E1 /* XMGDownLoadAlbumCell.xib in Resources */,
				7BC67F7F1DED0FB1008D41E1 /* XMGNoDownLoadView.xib in Resources */,
				7BC67F4B1DED096F008D41E1 /* Main.storyboard in Resources */,
				7BC680091DEDC2BA008D41E1 /* XMGDownLoadVoiceCell.xib in Resources */,
				7BC67F9D1DED24C4008D41E1 /* XMGTodayFireVoiceCell.xib in Resources */,
			);
			runOnlyForDeploymentPostprocessing = 0;
		};
/* End PBXResourcesBuildPhase section */

/* Begin PBXShellScriptBuildPhase section */
		86234EC530720C29A297DF1A /* [CP] Copy Pods Resources */ = {
			isa = PBXShellScriptBuildPhase;
			buildActionMask = 2147483647;
			files = (
			);
			inputPaths = (
			);
			name = "[CP] Copy Pods Resources";
			outputPaths = (
			);
			runOnlyForDeploymentPostprocessing = 0;
			shellPath = /bin/sh;
			shellScript = "\"${SRCROOT}/Pods/Target Support Files/Pods-XMGDownLoadListern/Pods-XMGDownLoadListern-resources.sh\"\n";
			showEnvVarsInLog = 0;
		};
		BF04D9A46A6B277B254029E6 /* [CP] Embed Pods Frameworks */ = {
			isa = PBXShellScriptBuildPhase;
			buildActionMask = 2147483647;
			files = (
			);
			inputPaths = (
			);
			name = "[CP] Embed Pods Frameworks";
			outputPaths = (
			);
			runOnlyForDeploymentPostprocessing = 0;
			shellPath = /bin/sh;
			shellScript = "\"${SRCROOT}/Pods/Target Support Files/Pods-XMGDownLoadListern/Pods-XMGDownLoadListern-frameworks.sh\"\n";
			showEnvVarsInLog = 0;
		};
		CAEF489EE79000F575E6D7A5 /* [CP] Check Pods Manifest.lock */ = {
			isa = PBXShellScriptBuildPhase;
			buildActionMask = 2147483647;
			files = (
			);
			inputPaths = (
			);
			name = "[CP] Check Pods Manifest.lock";
			outputPaths = (
			);
			runOnlyForDeploymentPostprocessing = 0;
			shellPath = /bin/sh;
			shellScript = "diff \"${PODS_ROOT}/../Podfile.lock\" \"${PODS_ROOT}/Manifest.lock\" > /dev/null\nif [ $? != 0 ] ; then\n    # print error to STDERR\n    echo \"error: The sandbox is not in sync with the Podfile.lock. Run 'pod install' or update your CocoaPods installation.\" >&2\n    exit 1\nfi\n";
			showEnvVarsInLog = 0;
		};
/* End PBXShellScriptBuildPhase section */

/* Begin PBXSourcesBuildPhase section */
		7BC67F391DED096F008D41E1 /* Sources */ = {
			isa = PBXSourcesBuildPhase;
			buildActionMask = 2147483647;
			files = (
				7BDF148C1DF5A54700A245AE /* XMGSementBarVC.m in Sources */,
				7BC67F691DED0A7C008D41E1 /* XMGDownLoadListernMainVC.m in Sources */,
				7BDF14861DF5A54700A245AE /* XMGAudioFileTool.m in Sources */,
				7BC67FF41DEDAA33008D41E1 /* XMGTodayFireVoiceCellPresenter.m in Sources */,
				7BDF14831DF5A54700A245AE /* XMGDownLoadManager.m in Sources */,
				7BC67FA81DED29DB008D41E1 /* UIView+XMGNib.m in Sources */,
				7BDF148F1DF5A54700A245AE /* XMGSqliteTool.m in Sources */,
				7BC67F921DED2488008D41E1 /* XMGTodayFireVoiceListTVC.m in Sources */,
				7BDF148E1DF5A54700A245AE /* XMGSqliteModelTool.m in Sources */,
				7BC67F641DED09FC008D41E1 /* AppDelegate.m in Sources */,
				7BC67FA91DED29DB008D41E1 /* XMGSessionManager.m in Sources */,
				7BDF14881DF5A54700A245AE /* XMGResourceLoader.m in Sources */,
				7BC67F7A1DED0F23008D41E1 /* XMGDownLoadBaseTVC.m in Sources */,
				7BC680081DEDC2BA008D41E1 /* XMGDownLoadVoiceCell.m in Sources */,
				7BC680181DEDCE1E008D41E1 /* XMGDownLoadedVoicInAlbumTVC.m in Sources */,
				7BC67F9C1DED24C4008D41E1 /* XMGTodayFireVoiceCell.m in Sources */,
				7BC67F881DED10D6008D41E1 /* XMGDownLoadingVoiceTVC.m in Sources */,
				7BDF14811DF5A54700A245AE /* XMGDownLoader.m in Sources */,
				7BDF14841DF5A54700A245AE /* NSURL+XMGAudio.m in Sources */,
				7BDF14851DF5A54700A245AE /* XMGAudioDownLoader.m in Sources */,
				7BC67F971DED24AC008D41E1 /* XMGCategoryModel.m in Sources */,
				7BDF14871DF5A54700A245AE /* XMGRemotePlayer.m in Sources */,
				7BC6800F1DEDC301008D41E1 /* XMGAlbumModel.m in Sources */,
				7BC680061DEDC2BA008D41E1 /* XMGDownLoadAlbumCell.m in Sources */,
				7BC67F911DED2488008D41E1 /* XMGTodayFireMainVC.m in Sources */,
				7BC680121DEDC452008D41E1 /* XMGDownLoadVoiceCellPresenter.m in Sources */,
				7BC67F851DED10C1008D41E1 /* XMGDownLoadVoiceTVC.m in Sources */,
				7BDF14901DF5A54700A245AE /* XMGTableTool.m in Sources */,
				7BC6800C1DEDC2F3008D41E1 /* XMGDownLoadListernDataTool.m in Sources */,
				7BC67F821DED10AC008D41E1 /* XMGDownLoadAlbumTVC.m in Sources */,
				7BC67F7E1DED0FB1008D41E1 /* XMGNoDownLoadView.m in Sources */,
				7BDF148A1DF5A54700A245AE /* XMGSegmentBar.m in Sources */,
				7BDF14801DF5A54700A245AE /* NSString+XMGDownLoader.m in Sources */,
				7BDF14821DF5A54700A245AE /* XMGDownLoaderFileTool.m in Sources */,
				7BDF14891DF5A54700A245AE /* UIView+XMGSegmentBar.m in Sources */,
				7BC67F981DED24AC008D41E1 /* XMGDownLoadVoiceModel.m in Sources */,
				7BC680151DEDCDBC008D41E1 /* XMGDownLoadAlbumCellPresenter.m in Sources */,
				7BDF148D1DF5A54700A245AE /* XMGModelTool.m in Sources */,
				7BC67F771DED0CE8008D41E1 /* main.m in Sources */,
				7BDF148B1DF5A54700A245AE /* XMGSegmentBarConfig.m in Sources */,
				7BC67FF01DEDA165008D41E1 /* XMGTodayFireDataProvider.m in Sources */,
			);
			runOnlyForDeploymentPostprocessing = 0;
		};
/* End PBXSourcesBuildPhase section */

/* Begin PBXVariantGroup section */
		7BC67F491DED096F008D41E1 /* Main.storyboard */ = {
			isa = PBXVariantGroup;
			children = (
				7BC67F4A1DED096F008D41E1 /* Base */,
			);
			name = Main.storyboard;
			sourceTree = "<group>";
		};
		7BC67F4E1DED096F008D41E1 /* LaunchScreen.storyboard */ = {
			isa = PBXVariantGroup;
			children = (
				7BC67F4F1DED096F008D41E1 /* Base */,
			);
			name = LaunchScreen.storyboard;
			sourceTree = "<group>";
		};
/* End PBXVariantGroup section */

/* Begin XCBuildConfiguration section */
		7BC67F521DED096F008D41E1 /* Debug */ = {
			isa = XCBuildConfiguration;
			buildSettings = {
				ALWAYS_SEARCH_USER_PATHS = NO;
				CLANG_ANALYZER_NONNULL = YES;
				CLANG_CXX_LANGUAGE_STANDARD = "gnu++0x";
				CLANG_CXX_LIBRARY = "libc++";
				CLANG_ENABLE_MODULES = YES;
				CLANG_ENABLE_OBJC_ARC = YES;
				CLANG_WARN_BOOL_CONVERSION = YES;
				CLANG_WARN_CONSTANT_CONVERSION = YES;
				CLANG_WARN_DIRECT_OBJC_ISA_USAGE = YES_ERROR;
				CLANG_WARN_DOCUMENTATION_COMMENTS = YES;
				CLANG_WARN_EMPTY_BODY = YES;
				CLANG_WARN_ENUM_CONVERSION = YES;
				CLANG_WARN_INFINITE_RECURSION = YES;
				CLANG_WARN_INT_CONVERSION = YES;
				CLANG_WARN_OBJC_ROOT_CLASS = YES_ERROR;
				CLANG_WARN_SUSPICIOUS_MOVES = YES;
				CLANG_WARN_UNREACHABLE_CODE = YES;
				CLANG_WARN__DUPLICATE_METHOD_MATCH = YES;
				"CODE_SIGN_IDENTITY[sdk=iphoneos*]" = "iPhone Developer";
				COPY_PHASE_STRIP = NO;
				DEBUG_INFORMATION_FORMAT = dwarf;
				ENABLE_STRICT_OBJC_MSGSEND = YES;
				ENABLE_TESTABILITY = YES;
				GCC_C_LANGUAGE_STANDARD = gnu99;
				GCC_DYNAMIC_NO_PIC = NO;
				GCC_NO_COMMON_BLOCKS = YES;
				GCC_OPTIMIZATION_LEVEL = 0;
				GCC_PREPROCESSOR_DEFINITIONS = (
					"DEBUG=1",
					"$(inherited)",
				);
				GCC_WARN_64_TO_32_BIT_CONVERSION = YES;
				GCC_WARN_ABOUT_RETURN_TYPE = YES_ERROR;
				GCC_WARN_UNDECLARED_SELECTOR = YES;
				GCC_WARN_UNINITIALIZED_AUTOS = YES_AGGRESSIVE;
				GCC_WARN_UNUSED_FUNCTION = YES;
				GCC_WARN_UNUSED_VARIABLE = YES;
				IPHONEOS_DEPLOYMENT_TARGET = 10.0;
				MTL_ENABLE_DEBUG_INFO = YES;
				ONLY_ACTIVE_ARCH = YES;
				SDKROOT = iphoneos;
			};
			name = Debug;
		};
		7BC67F531DED096F008D41E1 /* Release */ = {
			isa = XCBuildConfiguration;
			buildSettings = {
				ALWAYS_SEARCH_USER_PATHS = NO;
				CLANG_ANALYZER_NONNULL = YES;
				CLANG_CXX_LANGUAGE_STANDARD = "gnu++0x";
				CLANG_CXX_LIBRARY = "libc++";
				CLANG_ENABLE_MODULES = YES;
				CLANG_ENABLE_OBJC_ARC = YES;
				CLANG_WARN_BOOL_CONVERSION = YES;
				CLANG_WARN_CONSTANT_CONVERSION = YES;
				CLANG_WARN_DIRECT_OBJC_ISA_USAGE = YES_ERROR;
				CLANG_WARN_DOCUMENTATION_COMMENTS = YES;
				CLANG_WARN_EMPTY_BODY = YES;
				CLANG_WARN_ENUM_CONVERSION = YES;
				CLANG_WARN_INFINITE_RECURSION = YES;
				CLANG_WARN_INT_CONVERSION = YES;
				CLANG_WARN_OBJC_ROOT_CLASS = YES_ERROR;
				CLANG_WARN_SUSPICIOUS_MOVES = YES;
				CLANG_WARN_UNREACHABLE_CODE = YES;
				CLANG_WARN__DUPLICATE_METHOD_MATCH = YES;
				"CODE_SIGN_IDENTITY[sdk=iphoneos*]" = "iPhone Developer";
				COPY_PHASE_STRIP = NO;
				DEBUG_INFORMATION_FORMAT = "dwarf-with-dsym";
				ENABLE_NS_ASSERTIONS = NO;
				ENABLE_STRICT_OBJC_MSGSEND = YES;
				GCC_C_LANGUAGE_STANDARD = gnu99;
				GCC_NO_COMMON_BLOCKS = YES;
				GCC_WARN_64_TO_32_BIT_CONVERSION = YES;
				GCC_WARN_ABOUT_RETURN_TYPE = YES_ERROR;
				GCC_WARN_UNDECLARED_SELECTOR = YES;
				GCC_WARN_UNINITIALIZED_AUTOS = YES_AGGRESSIVE;
				GCC_WARN_UNUSED_FUNCTION = YES;
				GCC_WARN_UNUSED_VARIABLE = YES;
				IPHONEOS_DEPLOYMENT_TARGET = 10.0;
				MTL_ENABLE_DEBUG_INFO = NO;
				SDKROOT = iphoneos;
				VALIDATE_PRODUCT = YES;
			};
			name = Release;
		};
		7BC67F551DED096F008D41E1 /* Debug */ = {
			isa = XCBuildConfiguration;
			baseConfigurationReference = 286A48A029AAA16DF0B5D3CE /* Pods-XMGDownLoadListern.debug.xcconfig */;
			buildSettings = {
				ASSETCATALOG_COMPILER_APPICON_NAME = AppIcon;
				"CODE_SIGN_IDENTITY[sdk=iphoneos*]" = "iPhone Developer";
				DEVELOPMENT_TEAM = 8E534K4D8Z;
				INFOPLIST_FILE = "$(SRCROOT)/XMGDownLoadListern/Classes/Other/System/Info.plist";
				IPHONEOS_DEPLOYMENT_TARGET = 8.0;
				LD_RUNPATH_SEARCH_PATHS = "$(inherited) @executable_path/Frameworks";
				PRODUCT_BUNDLE_IDENTIFIER = com.520it.ciTest;
				PRODUCT_NAME = "$(TARGET_NAME)";
				PROVISIONING_PROFILE = "";
				PROVISIONING_PROFILE_SPECIFIER = "";
			};
			name = Debug;
		};
		7BC67F561DED096F008D41E1 /* Release */ = {
			isa = XCBuildConfiguration;
			baseConfigurationReference = E14D51D360F0953FC2BE74A5 /* Pods-XMGDownLoadListern.release.xcconfig */;
			buildSettings = {
				ASSETCATALOG_COMPILER_APPICON_NAME = AppIcon;
				"CODE_SIGN_IDENTITY[sdk=iphoneos*]" = "iPhone Developer";
				DEVELOPMENT_TEAM = 8E534K4D8Z;
				INFOPLIST_FILE = "$(SRCROOT)/XMGDownLoadListern/Classes/Other/System/Info.plist";
				IPHONEOS_DEPLOYMENT_TARGET = 8.0;
				LD_RUNPATH_SEARCH_PATHS = "$(inherited) @executable_path/Frameworks";
				PRODUCT_BUNDLE_IDENTIFIER = com.520it.ciTest;
				PRODUCT_NAME = "$(TARGET_NAME)";
				PROVISIONING_PROFILE = "";
				PROVISIONING_PROFILE_SPECIFIER = "";
			};
			name = Release;
		};
/* End XCBuildConfiguration section */

/* Begin XCConfigurationList section */
		7BC67F381DED096F008D41E1 /* Build configuration list for PBXProject "XMGDownLoadListern" */ = {
			isa = XCConfigurationList;
			buildConfigurations = (
				7BC67F521DED096F008D41E1 /* Debug */,
				7BC67F531DED096F008D41E1 /* Release */,
			);
			defaultConfigurationIsVisible = 0;
			defaultConfigurationName = Release;
		};
		7BC67F541DED096F008D41E1 /* Build configuration list for PBXNativeTarget "XMGDownLoadListern" */ = {
			isa = XCConfigurationList;
			buildConfigurations = (
				7BC67F551DED096F008D41E1 /* Debug */,
				7BC67F561DED096F008D41E1 /* Release */,
			);
			defaultConfigurationIsVisible = 0;
			defaultConfigurationName = Release;
		};
/* End XCConfigurationList section */
	};
	rootObject = 7BC67F351DED096F008D41E1 /* Project object */;
}
